
Microsoft Visual Studio Solution File, Format Version 12.00
# Visual Studio Version 17
VisualStudioVersion = 17.7.34024.191
MinimumVisualStudioVersion = 10.0.40219.1
Project("{2150E333-8FDC-42A3-9474-1A3956D46DE8}") = "Diagrams", "Diagrams", "{36272B70-CCA9-4609-AFC0-4B21550E7F0A}"
	ProjectSection(SolutionItems) = preProject
		Diagrams\CreateOrderDomainModel.mdpuml = Diagrams\CreateOrderDomainModel.mdpuml
		Diagrams\CreateOrderFlow.mdpuml = Diagrams\CreateOrderFlow.mdpuml
		Diagrams\defaultDiagram.mdpuml = Diagrams\defaultDiagram.mdpuml
	EndProjectSection
EndProject
Project("{2150E333-8FDC-42A3-9474-1A3956D46DE8}") = "Solution Items", "Solution Items", "{0A91EC1A-DABF-4854-87FF-6F37975A49DD}"
	ProjectSection(SolutionItems) = preProject
		.editorconfig = .editorconfig
		.gitattributes = .gitattributes
		.gitignore = .gitignore
		.github\actions\clear-environment\action.yml = .github\actions\clear-environment\action.yml
		.github\workflows\main.yml = .github\workflows\main.yml
		NuGet.config = NuGet.config
		README.md = README.md
	EndProjectSection
EndProject
Project("{2150E333-8FDC-42A3-9474-1A3956D46DE8}") = "Docker", "Docker", "{DDFACB31-7D1B-4203-9149-13FAC2010B5F}"
	ProjectSection(SolutionItems) = preProject
		.dockerignore = .dockerignore
		docker-compose.yaml = docker-compose.yaml
		src\CadavizCodeHub.Api\Dockerfile = src\CadavizCodeHub.Api\Dockerfile
	EndProjectSection
EndProject
Project("{2150E333-8FDC-42A3-9474-1A3956D46DE8}") = "src", "src", "{AAB2B65C-80CD-4C0A-A71B-AFDEF4FF3C7D}"
EndProject
Project("{2150E333-8FDC-42A3-9474-1A3956D46DE8}") = "tests", "tests", "{0B59F421-B7CD-4CB3-8555-016942F80081}"
EndProject
Project("{2150E333-8FDC-42A3-9474-1A3956D46DE8}") = "Documentation", "Documentation", "{444C01B8-36A5-42F2-9331-E0C74C6236F3}"
	ProjectSection(SolutionItems) = preProject
		src\CadavizCodeHub.Api\Documentation\CadavizCodeHub.xml = src\CadavizCodeHub.Api\Documentation\CadavizCodeHub.xml
	EndProjectSection
EndProject
Project("{2150E333-8FDC-42A3-9474-1A3956D46DE8}") = "1 - Presentation", "1 - Presentation", "{02EA681E-C7D8-13C7-8484-4AC65E1B71E8}"
EndProject
Project("{2150E333-8FDC-42A3-9474-1A3956D46DE8}") = "2 - Application", "2 - Application", "{BCFFAF7D-69BE-4C15-834C-ABE2BB0C955C}"
EndProject
Project("{2150E333-8FDC-42A3-9474-1A3956D46DE8}") = "3 - Domain", "3 - Domain", "{A68B94AD-5E12-470F-A0BF-3349423CB4BD}"
EndProject
Project("{2150E333-8FDC-42A3-9474-1A3956D46DE8}") = "4 - Infrastructure", "4 - Infrastructure", "{BF9255EF-801D-49BB-8F53-771E222B0A93}"
EndProject
Project("{2150E333-8FDC-42A3-9474-1A3956D46DE8}") = "1 - Presentation", "1 - Presentation", "{FA69A6BE-F2C8-4B0D-8DAB-49DF8DE51BC6}"
EndProject
Project("{2150E333-8FDC-42A3-9474-1A3956D46DE8}") = "2 - Application", "2 - Application", "{9F3F0616-5840-4B9A-B4B3-B27A66E8F9A6}"
EndProject
Project("{2150E333-8FDC-42A3-9474-1A3956D46DE8}") = "3 - Domain", "3 - Domain", "{106064C3-8E72-4EC3-8419-14AB0970A261}"
EndProject
Project("{2150E333-8FDC-42A3-9474-1A3956D46DE8}") = "4 - Infrastructure", "4 - Infrastructure", "{76BE4FF0-1836-43D1-B222-B14A8A953105}"
EndProject
Project("{2150E333-8FDC-42A3-9474-1A3956D46DE8}") = "Orders", "Orders", "{28684CBB-0CCD-4F08-929F-73F7D00D38AB}"
EndProject
Project("{2150E333-8FDC-42A3-9474-1A3956D46DE8}") = "Core", "Core", "{8BE34E4A-4113-497F-8520-5A58A80B2160}"
EndProject
Project("{2150E333-8FDC-42A3-9474-1A3956D46DE8}") = "1 - Presentation", "1 - Presentation", "{11BB24F3-BDEE-4E07-95DD-FB6D6B8D2558}"
EndProject
Project("{2150E333-8FDC-42A3-9474-1A3956D46DE8}") = "2 - Application", "2 - Application", "{18952509-C6C2-409B-82A3-E13959403AD2}"
EndProject
Project("{2150E333-8FDC-42A3-9474-1A3956D46DE8}") = "3 - Domain", "3 - Domain", "{D797BB1B-5A91-429F-827D-FC2E5E413A21}"
EndProject
Project("{2150E333-8FDC-42A3-9474-1A3956D46DE8}") = "4 - Infrastructure", "4 - Infrastructure", "{6E5C3162-9FC1-495D-8293-ACF028697C0F}"
EndProject
Project("{FAE04EC0-301F-11D3-BF4B-00C04F79EFBC}") = "CadavizCodeHub.Core.Application", "src\CadavizCodeHub.Core.Application\CadavizCodeHub.Core.Application.csproj", "{F85FD5D7-28B6-43D4-A220-B04C090F2595}"
EndProject
Project("{FAE04EC0-301F-11D3-BF4B-00C04F79EFBC}") = "CadavizCodeHub.Core.Persistence", "src\CadavizCodeHub.Core.Persistence\CadavizCodeHub.Core.Persistence.csproj", "{5C6FECD2-B7D5-471A-8B84-11B137B875E2}"
EndProject
Project("{FAE04EC0-301F-11D3-BF4B-00C04F79EFBC}") = "CadavizCodeHub.Core.WebApi", "src\CadavizCodeHub.Core.WebApi\CadavizCodeHub.Core.WebApi.csproj", "{5FE4CF86-E7E4-6AC4-1193-24EFEF10EF37}"
EndProject
Project("{FAE04EC0-301F-11D3-BF4B-00C04F79EFBC}") = "CadavizCodeHub.Core.Domain", "src\CadavizCodeHub.Core.Domain\CadavizCodeHub.Core.Domain.csproj", "{4D39A245-763B-88F9-FF13-BC4B2AB35BB2}"
EndProject
Project("{FAE04EC0-301F-11D3-BF4B-00C04F79EFBC}") = "CadavizCodeHub.Core.Logging", "src\CadavizCodeHub.Core.Logging\CadavizCodeHub.Core.Logging.csproj", "{D2399937-6600-176B-EFD1-D91F07650D7F}"
EndProject
Project("{FAE04EC0-301F-11D3-BF4B-00C04F79EFBC}") = "CadavizCodeHub.Core.Persistence.MongoDB", "src\CadavizCodeHub.Core.Persistence.MongoDB\CadavizCodeHub.Core.Persistence.MongoDB.csproj", "{F9B4853D-9B72-D3B3-2867-15B49431A81C}"
EndProject
Project("{FAE04EC0-301F-11D3-BF4B-00C04F79EFBC}") = "CadavizCodeHub.Core.Shared", "src\CadavizCodeHub.Core.Shared\CadavizCodeHub.Core.Shared.csproj", "{13ACAD10-2615-A599-3ED8-CB710968AEF9}"
EndProject
Project("{FAE04EC0-301F-11D3-BF4B-00C04F79EFBC}") = "CadavizCodeHub.Orders.WebApi", "src\CadavizCodeHub.Orders.WebApi\CadavizCodeHub.Orders.WebApi.csproj", "{48B874D0-20D9-739B-8C19-D3FFD5ED30E6}"
EndProject
Project("{FAE04EC0-301F-11D3-BF4B-00C04F79EFBC}") = "CadavizCodeHub.Orders.Application", "src\CadavizCodeHub.Orders.Application\CadavizCodeHub.Orders.Application.csproj", "{96A5BC07-B74A-5723-2CB8-817F056B8B4A}"
EndProject
Project("{FAE04EC0-301F-11D3-BF4B-00C04F79EFBC}") = "CadavizCodeHub.Orders.Domain", "src\CadavizCodeHub.Orders.Domain\CadavizCodeHub.Orders.Domain.csproj", "{AFDAC633-2A97-A9E7-225C-D0C007595514}"
EndProject
Project("{FAE04EC0-301F-11D3-BF4B-00C04F79EFBC}") = "CadavizCodeHub.Orders.Persistence", "src\CadavizCodeHub.Orders.Persistence\CadavizCodeHub.Orders.Persistence.csproj", "{DB086185-7213-ED55-5AE8-D359606E9273}"
EndProject
Project("{2150E333-8FDC-42A3-9474-1A3956D46DE8}") = "Core", "Core", "{58447518-06FC-4F49-812A-00C0F5BD1E41}"
EndProject
Project("{2150E333-8FDC-42A3-9474-1A3956D46DE8}") = "Orders", "Orders", "{8CDF1928-9D6F-4492-A58D-79D15A5C47F6}"
EndProject
Project("{2150E333-8FDC-42A3-9474-1A3956D46DE8}") = "Shared", "Shared", "{23EA31B8-11C2-472F-B5FE-0BA29C4E7B15}"
EndProject
Project("{FAE04EC0-301F-11D3-BF4B-00C04F79EFBC}") = "CadavizCodeHub.Tests.Shared", "tests\CadavizCodeHub.Tests.Shared\CadavizCodeHub.Tests.Shared.csproj", "{4D3EB1CB-334B-EE74-CC0F-4998EF46DF40}"
EndProject
Project("{FAE04EC0-301F-11D3-BF4B-00C04F79EFBC}") = "CadavizCodeHub.Tests.Shared.Builders", "tests\CadavizCodeHub.Tests.Shared.Builders\CadavizCodeHub.Tests.Shared.Builders.csproj", "{1ECE4CB6-90BC-AD1F-509B-99CBD09BDB5F}"
EndProject
Project("{FAE04EC0-301F-11D3-BF4B-00C04F79EFBC}") = "CadavizCodeHub.Core.Tests", "tests\CadavizCodeHub.Core.Tests\CadavizCodeHub.Core.Tests.csproj", "{90D0D7F7-1C0D-A13A-7D5A-2E53A3F44388}"
EndProject
Project("{FAE04EC0-301F-11D3-BF4B-00C04F79EFBC}") = "CadavizCodeHub.Orders.WebApi.Tests", "tests\CadavizCodeHub.Orders.WebApi.Tests\CadavizCodeHub.Orders.WebApi.Tests.csproj", "{4815E3DF-950E-740E-AD0D-45B5B3CAA212}"
EndProject
Project("{FAE04EC0-301F-11D3-BF4B-00C04F79EFBC}") = "CadavizCodeHub.Orders.Application.Tests", "tests\CadavizCodeHub.Orders.Application.Tests\CadavizCodeHub.Orders.Application.Tests.csproj", "{C63ED2DF-9557-D238-A6C2-B4E8775003DC}"
EndProject
Project("{FAE04EC0-301F-11D3-BF4B-00C04F79EFBC}") = "CadavizCodeHub.Orders.Domain.Tests", "tests\CadavizCodeHub.Orders.Domain.Tests\CadavizCodeHub.Orders.Domain.Tests.csproj", "{889CCD5F-4AD9-169E-E2E8-D9F07664AA6E}"
EndProject
Project("{FAE04EC0-301F-11D3-BF4B-00C04F79EFBC}") = "CadavizCodeHub.Orders.Persistence.Tests", "tests\CadavizCodeHub.Orders.Persistence.Tests\CadavizCodeHub.Orders.Persistence.Tests.csproj", "{26495EC5-080C-9959-9E73-911829DA844E}"
EndProject
Global
	GlobalSection(SolutionConfigurationPlatforms) = preSolution
		Debug|Any CPU = Debug|Any CPU
		Release|Any CPU = Release|Any CPU
	EndGlobalSection
	GlobalSection(ProjectConfigurationPlatforms) = postSolution
		{F85FD5D7-28B6-43D4-A220-B04C090F2595}.Debug|Any CPU.ActiveCfg = Debug|Any CPU
		{F85FD5D7-28B6-43D4-A220-B04C090F2595}.Debug|Any CPU.Build.0 = Debug|Any CPU
		{F85FD5D7-28B6-43D4-A220-B04C090F2595}.Release|Any CPU.ActiveCfg = Release|Any CPU
		{F85FD5D7-28B6-43D4-A220-B04C090F2595}.Release|Any CPU.Build.0 = Release|Any CPU
		{5C6FECD2-B7D5-471A-8B84-11B137B875E2}.Debug|Any CPU.ActiveCfg = Debug|Any CPU
		{5C6FECD2-B7D5-471A-8B84-11B137B875E2}.Debug|Any CPU.Build.0 = Debug|Any CPU
		{5C6FECD2-B7D5-471A-8B84-11B137B875E2}.Release|Any CPU.ActiveCfg = Release|Any CPU
		{5C6FECD2-B7D5-471A-8B84-11B137B875E2}.Release|Any CPU.Build.0 = Release|Any CPU
		{5FE4CF86-E7E4-6AC4-1193-24EFEF10EF37}.Debug|Any CPU.ActiveCfg = Debug|Any CPU
		{5FE4CF86-E7E4-6AC4-1193-24EFEF10EF37}.Debug|Any CPU.Build.0 = Debug|Any CPU
		{5FE4CF86-E7E4-6AC4-1193-24EFEF10EF37}.Release|Any CPU.ActiveCfg = Release|Any CPU
		{5FE4CF86-E7E4-6AC4-1193-24EFEF10EF37}.Release|Any CPU.Build.0 = Release|Any CPU
		{4D39A245-763B-88F9-FF13-BC4B2AB35BB2}.Debug|Any CPU.ActiveCfg = Debug|Any CPU
		{4D39A245-763B-88F9-FF13-BC4B2AB35BB2}.Debug|Any CPU.Build.0 = Debug|Any CPU
		{4D39A245-763B-88F9-FF13-BC4B2AB35BB2}.Release|Any CPU.ActiveCfg = Release|Any CPU
		{4D39A245-763B-88F9-FF13-BC4B2AB35BB2}.Release|Any CPU.Build.0 = Release|Any CPU
		{D2399937-6600-176B-EFD1-D91F07650D7F}.Debug|Any CPU.ActiveCfg = Debug|Any CPU
		{D2399937-6600-176B-EFD1-D91F07650D7F}.Debug|Any CPU.Build.0 = Debug|Any CPU
		{D2399937-6600-176B-EFD1-D91F07650D7F}.Release|Any CPU.ActiveCfg = Release|Any CPU
		{D2399937-6600-176B-EFD1-D91F07650D7F}.Release|Any CPU.Build.0 = Release|Any CPU
		{F9B4853D-9B72-D3B3-2867-15B49431A81C}.Debug|Any CPU.ActiveCfg = Debug|Any CPU
		{F9B4853D-9B72-D3B3-2867-15B49431A81C}.Debug|Any CPU.Build.0 = Debug|Any CPU
		{F9B4853D-9B72-D3B3-2867-15B49431A81C}.Release|Any CPU.ActiveCfg = Release|Any CPU
		{F9B4853D-9B72-D3B3-2867-15B49431A81C}.Release|Any CPU.Build.0 = Release|Any CPU
		{13ACAD10-2615-A599-3ED8-CB710968AEF9}.Debug|Any CPU.ActiveCfg = Debug|Any CPU
		{13ACAD10-2615-A599-3ED8-CB710968AEF9}.Debug|Any CPU.Build.0 = Debug|Any CPU
		{13ACAD10-2615-A599-3ED8-CB710968AEF9}.Release|Any CPU.ActiveCfg = Release|Any CPU
		{13ACAD10-2615-A599-3ED8-CB710968AEF9}.Release|Any CPU.Build.0 = Release|Any CPU
		{48B874D0-20D9-739B-8C19-D3FFD5ED30E6}.Debug|Any CPU.ActiveCfg = Debug|Any CPU
		{48B874D0-20D9-739B-8C19-D3FFD5ED30E6}.Debug|Any CPU.Build.0 = Debug|Any CPU
		{48B874D0-20D9-739B-8C19-D3FFD5ED30E6}.Release|Any CPU.ActiveCfg = Release|Any CPU
		{48B874D0-20D9-739B-8C19-D3FFD5ED30E6}.Release|Any CPU.Build.0 = Release|Any CPU
		{96A5BC07-B74A-5723-2CB8-817F056B8B4A}.Debug|Any CPU.ActiveCfg = Debug|Any CPU
		{96A5BC07-B74A-5723-2CB8-817F056B8B4A}.Debug|Any CPU.Build.0 = Debug|Any CPU
		{96A5BC07-B74A-5723-2CB8-817F056B8B4A}.Release|Any CPU.ActiveCfg = Release|Any CPU
		{96A5BC07-B74A-5723-2CB8-817F056B8B4A}.Release|Any CPU.Build.0 = Release|Any CPU
		{AFDAC633-2A97-A9E7-225C-D0C007595514}.Debug|Any CPU.ActiveCfg = Debug|Any CPU
		{AFDAC633-2A97-A9E7-225C-D0C007595514}.Debug|Any CPU.Build.0 = Debug|Any CPU
		{AFDAC633-2A97-A9E7-225C-D0C007595514}.Release|Any CPU.ActiveCfg = Release|Any CPU
		{AFDAC633-2A97-A9E7-225C-D0C007595514}.Release|Any CPU.Build.0 = Release|Any CPU
		{DB086185-7213-ED55-5AE8-D359606E9273}.Debug|Any CPU.ActiveCfg = Debug|Any CPU
		{DB086185-7213-ED55-5AE8-D359606E9273}.Debug|Any CPU.Build.0 = Debug|Any CPU
		{DB086185-7213-ED55-5AE8-D359606E9273}.Release|Any CPU.ActiveCfg = Release|Any CPU
		{DB086185-7213-ED55-5AE8-D359606E9273}.Release|Any CPU.Build.0 = Release|Any CPU
		{4D3EB1CB-334B-EE74-CC0F-4998EF46DF40}.Debug|Any CPU.ActiveCfg = Debug|Any CPU
		{4D3EB1CB-334B-EE74-CC0F-4998EF46DF40}.Debug|Any CPU.Build.0 = Debug|Any CPU
		{4D3EB1CB-334B-EE74-CC0F-4998EF46DF40}.Release|Any CPU.ActiveCfg = Release|Any CPU
		{4D3EB1CB-334B-EE74-CC0F-4998EF46DF40}.Release|Any CPU.Build.0 = Release|Any CPU
		{1ECE4CB6-90BC-AD1F-509B-99CBD09BDB5F}.Debug|Any CPU.ActiveCfg = Debug|Any CPU
		{1ECE4CB6-90BC-AD1F-509B-99CBD09BDB5F}.Debug|Any CPU.Build.0 = Debug|Any CPU
		{1ECE4CB6-90BC-AD1F-509B-99CBD09BDB5F}.Release|Any CPU.ActiveCfg = Release|Any CPU
		{1ECE4CB6-90BC-AD1F-509B-99CBD09BDB5F}.Release|Any CPU.Build.0 = Release|Any CPU
		{90D0D7F7-1C0D-A13A-7D5A-2E53A3F44388}.Debug|Any CPU.ActiveCfg = Debug|Any CPU
		{90D0D7F7-1C0D-A13A-7D5A-2E53A3F44388}.Debug|Any CPU.Build.0 = Debug|Any CPU
		{90D0D7F7-1C0D-A13A-7D5A-2E53A3F44388}.Release|Any CPU.ActiveCfg = Release|Any CPU
		{90D0D7F7-1C0D-A13A-7D5A-2E53A3F44388}.Release|Any CPU.Build.0 = Release|Any CPU
		{4815E3DF-950E-740E-AD0D-45B5B3CAA212}.Debug|Any CPU.ActiveCfg = Debug|Any CPU
		{4815E3DF-950E-740E-AD0D-45B5B3CAA212}.Debug|Any CPU.Build.0 = Debug|Any CPU
		{4815E3DF-950E-740E-AD0D-45B5B3CAA212}.Release|Any CPU.ActiveCfg = Release|Any CPU
		{4815E3DF-950E-740E-AD0D-45B5B3CAA212}.Release|Any CPU.Build.0 = Release|Any CPU
		{C63ED2DF-9557-D238-A6C2-B4E8775003DC}.Debug|Any CPU.ActiveCfg = Debug|Any CPU
		{C63ED2DF-9557-D238-A6C2-B4E8775003DC}.Debug|Any CPU.Build.0 = Debug|Any CPU
		{C63ED2DF-9557-D238-A6C2-B4E8775003DC}.Release|Any CPU.ActiveCfg = Release|Any CPU
		{C63ED2DF-9557-D238-A6C2-B4E8775003DC}.Release|Any CPU.Build.0 = Release|Any CPU
		{889CCD5F-4AD9-169E-E2E8-D9F07664AA6E}.Debug|Any CPU.ActiveCfg = Debug|Any CPU
		{889CCD5F-4AD9-169E-E2E8-D9F07664AA6E}.Debug|Any CPU.Build.0 = Debug|Any CPU
		{889CCD5F-4AD9-169E-E2E8-D9F07664AA6E}.Release|Any CPU.ActiveCfg = Release|Any CPU
		{889CCD5F-4AD9-169E-E2E8-D9F07664AA6E}.Release|Any CPU.Build.0 = Release|Any CPU
		{26495EC5-080C-9959-9E73-911829DA844E}.Debug|Any CPU.ActiveCfg = Debug|Any CPU
		{26495EC5-080C-9959-9E73-911829DA844E}.Debug|Any CPU.Build.0 = Debug|Any CPU
		{26495EC5-080C-9959-9E73-911829DA844E}.Release|Any CPU.ActiveCfg = Release|Any CPU
		{26495EC5-080C-9959-9E73-911829DA844E}.Release|Any CPU.Build.0 = Release|Any CPU
	EndGlobalSection
	GlobalSection(SolutionProperties) = preSolution
		HideSolutionNode = FALSE
	EndGlobalSection
	GlobalSection(NestedProjects) = preSolution
		{DDFACB31-7D1B-4203-9149-13FAC2010B5F} = {0A91EC1A-DABF-4854-87FF-6F37975A49DD}
		{02EA681E-C7D8-13C7-8484-4AC65E1B71E8} = {28684CBB-0CCD-4F08-929F-73F7D00D38AB}
		{BCFFAF7D-69BE-4C15-834C-ABE2BB0C955C} = {28684CBB-0CCD-4F08-929F-73F7D00D38AB}
		{A68B94AD-5E12-470F-A0BF-3349423CB4BD} = {28684CBB-0CCD-4F08-929F-73F7D00D38AB}
		{BF9255EF-801D-49BB-8F53-771E222B0A93} = {28684CBB-0CCD-4F08-929F-73F7D00D38AB}
		{FA69A6BE-F2C8-4B0D-8DAB-49DF8DE51BC6} = {8CDF1928-9D6F-4492-A58D-79D15A5C47F6}
		{9F3F0616-5840-4B9A-B4B3-B27A66E8F9A6} = {8CDF1928-9D6F-4492-A58D-79D15A5C47F6}
		{106064C3-8E72-4EC3-8419-14AB0970A261} = {8CDF1928-9D6F-4492-A58D-79D15A5C47F6}
		{76BE4FF0-1836-43D1-B222-B14A8A953105} = {8CDF1928-9D6F-4492-A58D-79D15A5C47F6}
		{28684CBB-0CCD-4F08-929F-73F7D00D38AB} = {AAB2B65C-80CD-4C0A-A71B-AFDEF4FF3C7D}
		{8BE34E4A-4113-497F-8520-5A58A80B2160} = {AAB2B65C-80CD-4C0A-A71B-AFDEF4FF3C7D}
		{11BB24F3-BDEE-4E07-95DD-FB6D6B8D2558} = {8BE34E4A-4113-497F-8520-5A58A80B2160}
		{18952509-C6C2-409B-82A3-E13959403AD2} = {8BE34E4A-4113-497F-8520-5A58A80B2160}
		{D797BB1B-5A91-429F-827D-FC2E5E413A21} = {8BE34E4A-4113-497F-8520-5A58A80B2160}
		{6E5C3162-9FC1-495D-8293-ACF028697C0F} = {8BE34E4A-4113-497F-8520-5A58A80B2160}
		{F85FD5D7-28B6-43D4-A220-B04C090F2595} = {18952509-C6C2-409B-82A3-E13959403AD2}
		{5C6FECD2-B7D5-471A-8B84-11B137B875E2} = {6E5C3162-9FC1-495D-8293-ACF028697C0F}
		{5FE4CF86-E7E4-6AC4-1193-24EFEF10EF37} = {11BB24F3-BDEE-4E07-95DD-FB6D6B8D2558}
		{4D39A245-763B-88F9-FF13-BC4B2AB35BB2} = {D797BB1B-5A91-429F-827D-FC2E5E413A21}
		{D2399937-6600-176B-EFD1-D91F07650D7F} = {6E5C3162-9FC1-495D-8293-ACF028697C0F}
		{F9B4853D-9B72-D3B3-2867-15B49431A81C} = {6E5C3162-9FC1-495D-8293-ACF028697C0F}
		{13ACAD10-2615-A599-3ED8-CB710968AEF9} = {6E5C3162-9FC1-495D-8293-ACF028697C0F}
		{48B874D0-20D9-739B-8C19-D3FFD5ED30E6} = {02EA681E-C7D8-13C7-8484-4AC65E1B71E8}
		{96A5BC07-B74A-5723-2CB8-817F056B8B4A} = {BCFFAF7D-69BE-4C15-834C-ABE2BB0C955C}
		{AFDAC633-2A97-A9E7-225C-D0C007595514} = {A68B94AD-5E12-470F-A0BF-3349423CB4BD}
		{DB086185-7213-ED55-5AE8-D359606E9273} = {BF9255EF-801D-49BB-8F53-771E222B0A93}
		{58447518-06FC-4F49-812A-00C0F5BD1E41} = {0B59F421-B7CD-4CB3-8555-016942F80081}
		{8CDF1928-9D6F-4492-A58D-79D15A5C47F6} = {0B59F421-B7CD-4CB3-8555-016942F80081}
		{23EA31B8-11C2-472F-B5FE-0BA29C4E7B15} = {0B59F421-B7CD-4CB3-8555-016942F80081}
		{4D3EB1CB-334B-EE74-CC0F-4998EF46DF40} = {23EA31B8-11C2-472F-B5FE-0BA29C4E7B15}
		{1ECE4CB6-90BC-AD1F-509B-99CBD09BDB5F} = {23EA31B8-11C2-472F-B5FE-0BA29C4E7B15}
		{90D0D7F7-1C0D-A13A-7D5A-2E53A3F44388} = {58447518-06FC-4F49-812A-00C0F5BD1E41}
		{4815E3DF-950E-740E-AD0D-45B5B3CAA212} = {FA69A6BE-F2C8-4B0D-8DAB-49DF8DE51BC6}
		{C63ED2DF-9557-D238-A6C2-B4E8775003DC} = {9F3F0616-5840-4B9A-B4B3-B27A66E8F9A6}
		{889CCD5F-4AD9-169E-E2E8-D9F07664AA6E} = {106064C3-8E72-4EC3-8419-14AB0970A261}
		{26495EC5-080C-9959-9E73-911829DA844E} = {76BE4FF0-1836-43D1-B222-B14A8A953105}
	EndGlobalSection
	GlobalSection(ExtensibilityGlobals) = postSolution
		SolutionGuid = {27B1ED2B-11EE-4527-AF75-54BB025AEC42}
	EndGlobalSection
EndGlobal
