
Microsoft Visual Studio Solution File, Format Version 12.00
# Visual Studio Version 17
VisualStudioVersion = 17.7.34024.191
MinimumVisualStudioVersion = 10.0.40219.1
Project("{2150E333-8FDC-42A3-9474-1A3956D46DE8}") = "Diagrams", "Diagrams", "{36272B70-CCA9-4609-AFC0-4B21550E7F0A}"
	ProjectSection(SolutionItems) = preProject
		Diagrams\CreateOrderDomainModel.mdpuml = Diagrams\CreateOrderDomainModel.mdpuml
		Diagrams\CreateOrderFlow.mdpuml = Diagrams\CreateOrderFlow.mdpuml
		Diagrams\defaultDiagram.mdpuml = Diagrams\defaultDiagram.mdpuml
	EndProjectSection
EndProject
Project("{2150E333-8FDC-42A3-9474-1A3956D46DE8}") = "Solution Items", "Solution Items", "{0A91EC1A-DABF-4854-87FF-6F37975A49DD}"
	ProjectSection(SolutionItems) = preProject
		.editorconfig = .editorconfig
		.gitattributes = .gitattributes
		.gitignore = .gitignore
		NuGet.config = NuGet.config
		README.md = README.md
	EndProjectSection
EndProject
Project("{2150E333-8FDC-42A3-9474-1A3956D46DE8}") = "Docker", "Docker", "{DDFACB31-7D1B-4203-9149-13FAC2010B5F}"
	ProjectSection(SolutionItems) = preProject
		.dockerignore = .dockerignore
		docker-compose.yaml = docker-compose.yaml
		src\CadavizCodeHub.Api\Dockerfile = src\CadavizCodeHub.Api\Dockerfile
	EndProjectSection
EndProject
Project("{2150E333-8FDC-42A3-9474-1A3956D46DE8}") = "src", "src", "{AAB2B65C-80CD-4C0A-A71B-AFDEF4FF3C7D}"
EndProject
Project("{2150E333-8FDC-42A3-9474-1A3956D46DE8}") = "tests", "tests", "{0B59F421-B7CD-4CB3-8555-016942F80081}"
EndProject
Project("{9A19103F-16F7-4668-BE54-9A1E7A4F7556}") = "CadavizCodeHub.Framework", "src\CadavizCodeHub.Framework\CadavizCodeHub.Framework.csproj", "{CCDA5D20-A76B-4C43-BE95-2468EFB10C80}"
EndProject
Project("{9A19103F-16F7-4668-BE54-9A1E7A4F7556}") = "CadavizCodeHub.Domain", "src\CadavizCodeHub.Domain\CadavizCodeHub.Domain.csproj", "{E6C59D6C-4044-48A5-85DD-A35A3E048B80}"
EndProject
Project("{9A19103F-16F7-4668-BE54-9A1E7A4F7556}") = "CadavizCodeHub.Persistence", "src\CadavizCodeHub.Infrastructure\CadavizCodeHub.Persistence.csproj", "{7178EF87-64AF-41F0-BC05-85FB3D715AD9}"
EndProject
Project("{9A19103F-16F7-4668-BE54-9A1E7A4F7556}") = "CadavizCodeHub.WebApi", "src\CadavizCodeHub.Api\CadavizCodeHub.WebApi.csproj", "{B2501CAA-3B39-4615-88DC-4CA612E1950A}"
EndProject
Project("{2150E333-8FDC-42A3-9474-1A3956D46DE8}") = "Documentation", "Documentation", "{444C01B8-36A5-42F2-9331-E0C74C6236F3}"
	ProjectSection(SolutionItems) = preProject
		src\CadavizCodeHub.Api\Documentation\CadavizCodeHub.xml = src\CadavizCodeHub.Api\Documentation\CadavizCodeHub.xml
	EndProjectSection
EndProject
Project("{FAE04EC0-301F-11D3-BF4B-00C04F79EFBC}") = "CadavizCodeHub.Application", "src\CadavizCodeHub.Application\CadavizCodeHub.Application.csproj", "{813B51B7-1E17-0382-C1BD-300C1E734298}"
EndProject
Project("{2150E333-8FDC-42A3-9474-1A3956D46DE8}") = "1 - Presentation", "1 - Presentation", "{02EA681E-C7D8-13C7-8484-4AC65E1B71E8}"
EndProject
Project("{2150E333-8FDC-42A3-9474-1A3956D46DE8}") = "2 - Application", "2 - Application", "{BCFFAF7D-69BE-4C15-834C-ABE2BB0C955C}"
EndProject
Project("{2150E333-8FDC-42A3-9474-1A3956D46DE8}") = "3 - Domain", "3 - Domain", "{A68B94AD-5E12-470F-A0BF-3349423CB4BD}"
EndProject
Project("{2150E333-8FDC-42A3-9474-1A3956D46DE8}") = "4 - Infrastructure", "4 - Infrastructure", "{BF9255EF-801D-49BB-8F53-771E222B0A93}"
EndProject
Project("{2150E333-8FDC-42A3-9474-1A3956D46DE8}") = "1 - Presentation", "1 - Presentation", "{FA69A6BE-F2C8-4B0D-8DAB-49DF8DE51BC6}"
EndProject
Project("{2150E333-8FDC-42A3-9474-1A3956D46DE8}") = "2 - Application", "2 - Application", "{9F3F0616-5840-4B9A-B4B3-B27A66E8F9A6}"
EndProject
Project("{2150E333-8FDC-42A3-9474-1A3956D46DE8}") = "3 - Domain", "3 - Domain", "{106064C3-8E72-4EC3-8419-14AB0970A261}"
EndProject
Project("{2150E333-8FDC-42A3-9474-1A3956D46DE8}") = "4 - Infrastructure", "4 - Infrastructure", "{76BE4FF0-1836-43D1-B222-B14A8A953105}"
EndProject
Project("{FAE04EC0-301F-11D3-BF4B-00C04F79EFBC}") = "CadavizCodeHub.WebApi.UnitTests", "tests\CadavizCodeHub.WebApi.UnitTests\CadavizCodeHub.WebApi.UnitTests.csproj", "{513FC2D0-A527-4D7D-9AD5-AD7B033E376B}"
EndProject
Project("{FAE04EC0-301F-11D3-BF4B-00C04F79EFBC}") = "CadavizCodeHub.Application.UnitTests", "tests\CadavizCodeHub.Application.UnitTests\CadavizCodeHub.Application.UnitTests.csproj", "{E630D99B-A3CA-42EE-9F66-A6E42C68955E}"
EndProject
Project("{FAE04EC0-301F-11D3-BF4B-00C04F79EFBC}") = "CadavizCodeHub.Domain.UnitTests", "tests\CadavizCodeHub.Domain.UnitTests\CadavizCodeHub.Domain.UnitTests.csproj", "{ACAE7C1B-CA07-458F-92F2-B8BDB124350F}"
EndProject
Project("{FAE04EC0-301F-11D3-BF4B-00C04F79EFBC}") = "CadavizCodeHub.Framework.UnitTests", "tests\CadavizCodeHub.Framework.UnitTests\CadavizCodeHub.Framework.UnitTests.csproj", "{5004120E-C281-4710-B850-7DEA87940260}"
EndProject
Project("{2150E333-8FDC-42A3-9474-1A3956D46DE8}") = "0 - Common", "0 - Common", "{64E833DE-48AC-42AB-99EC-25F7AB3EE869}"
EndProject
Project("{FAE04EC0-301F-11D3-BF4B-00C04F79EFBC}") = "CadavizCodeHub.Test.Builders", "tests\CadavizCodeHub.Test.Builders\CadavizCodeHub.Test.Builders.csproj", "{BEDF45FE-F02A-42C7-93B0-C46DB85FD2AA}"
EndProject
Project("{FAE04EC0-301F-11D3-BF4B-00C04F79EFBC}") = "CadavizCodeHub.TestFramework", "tests\CadavizCodeHub.TestFramework\CadavizCodeHub.TestFramework.csproj", "{DA2560ED-8F35-81B7-3996-C71A73495339}"
EndProject
Global
	GlobalSection(SolutionConfigurationPlatforms) = preSolution
		Debug|Any CPU = Debug|Any CPU
		Release|Any CPU = Release|Any CPU
	EndGlobalSection
	GlobalSection(ProjectConfigurationPlatforms) = postSolution
		{CCDA5D20-A76B-4C43-BE95-2468EFB10C80}.Debug|Any CPU.ActiveCfg = Debug|Any CPU
		{CCDA5D20-A76B-4C43-BE95-2468EFB10C80}.Debug|Any CPU.Build.0 = Debug|Any CPU
		{CCDA5D20-A76B-4C43-BE95-2468EFB10C80}.Release|Any CPU.ActiveCfg = Release|Any CPU
		{CCDA5D20-A76B-4C43-BE95-2468EFB10C80}.Release|Any CPU.Build.0 = Release|Any CPU
		{E6C59D6C-4044-48A5-85DD-A35A3E048B80}.Debug|Any CPU.ActiveCfg = Debug|Any CPU
		{E6C59D6C-4044-48A5-85DD-A35A3E048B80}.Debug|Any CPU.Build.0 = Debug|Any CPU
		{E6C59D6C-4044-48A5-85DD-A35A3E048B80}.Release|Any CPU.ActiveCfg = Release|Any CPU
		{E6C59D6C-4044-48A5-85DD-A35A3E048B80}.Release|Any CPU.Build.0 = Release|Any CPU
		{7178EF87-64AF-41F0-BC05-85FB3D715AD9}.Debug|Any CPU.ActiveCfg = Debug|Any CPU
		{7178EF87-64AF-41F0-BC05-85FB3D715AD9}.Debug|Any CPU.Build.0 = Debug|Any CPU
		{7178EF87-64AF-41F0-BC05-85FB3D715AD9}.Release|Any CPU.ActiveCfg = Release|Any CPU
		{7178EF87-64AF-41F0-BC05-85FB3D715AD9}.Release|Any CPU.Build.0 = Release|Any CPU
		{B2501CAA-3B39-4615-88DC-4CA612E1950A}.Debug|Any CPU.ActiveCfg = Debug|Any CPU
		{B2501CAA-3B39-4615-88DC-4CA612E1950A}.Debug|Any CPU.Build.0 = Debug|Any CPU
		{B2501CAA-3B39-4615-88DC-4CA612E1950A}.Release|Any CPU.ActiveCfg = Release|Any CPU
		{B2501CAA-3B39-4615-88DC-4CA612E1950A}.Release|Any CPU.Build.0 = Release|Any CPU
		{813B51B7-1E17-0382-C1BD-300C1E734298}.Debug|Any CPU.ActiveCfg = Debug|Any CPU
		{813B51B7-1E17-0382-C1BD-300C1E734298}.Debug|Any CPU.Build.0 = Debug|Any CPU
		{813B51B7-1E17-0382-C1BD-300C1E734298}.Release|Any CPU.ActiveCfg = Release|Any CPU
		{813B51B7-1E17-0382-C1BD-300C1E734298}.Release|Any CPU.Build.0 = Release|Any CPU
		{513FC2D0-A527-4D7D-9AD5-AD7B033E376B}.Debug|Any CPU.ActiveCfg = Debug|Any CPU
		{513FC2D0-A527-4D7D-9AD5-AD7B033E376B}.Debug|Any CPU.Build.0 = Debug|Any CPU
		{513FC2D0-A527-4D7D-9AD5-AD7B033E376B}.Release|Any CPU.ActiveCfg = Release|Any CPU
		{513FC2D0-A527-4D7D-9AD5-AD7B033E376B}.Release|Any CPU.Build.0 = Release|Any CPU
		{E630D99B-A3CA-42EE-9F66-A6E42C68955E}.Debug|Any CPU.ActiveCfg = Debug|Any CPU
		{E630D99B-A3CA-42EE-9F66-A6E42C68955E}.Debug|Any CPU.Build.0 = Debug|Any CPU
		{E630D99B-A3CA-42EE-9F66-A6E42C68955E}.Release|Any CPU.ActiveCfg = Release|Any CPU
		{E630D99B-A3CA-42EE-9F66-A6E42C68955E}.Release|Any CPU.Build.0 = Release|Any CPU
		{ACAE7C1B-CA07-458F-92F2-B8BDB124350F}.Debug|Any CPU.ActiveCfg = Debug|Any CPU
		{ACAE7C1B-CA07-458F-92F2-B8BDB124350F}.Debug|Any CPU.Build.0 = Debug|Any CPU
		{ACAE7C1B-CA07-458F-92F2-B8BDB124350F}.Release|Any CPU.ActiveCfg = Release|Any CPU
		{ACAE7C1B-CA07-458F-92F2-B8BDB124350F}.Release|Any CPU.Build.0 = Release|Any CPU
		{5004120E-C281-4710-B850-7DEA87940260}.Debug|Any CPU.ActiveCfg = Debug|Any CPU
		{5004120E-C281-4710-B850-7DEA87940260}.Debug|Any CPU.Build.0 = Debug|Any CPU
		{5004120E-C281-4710-B850-7DEA87940260}.Release|Any CPU.ActiveCfg = Release|Any CPU
		{5004120E-C281-4710-B850-7DEA87940260}.Release|Any CPU.Build.0 = Release|Any CPU
		{BEDF45FE-F02A-42C7-93B0-C46DB85FD2AA}.Debug|Any CPU.ActiveCfg = Debug|Any CPU
		{BEDF45FE-F02A-42C7-93B0-C46DB85FD2AA}.Debug|Any CPU.Build.0 = Debug|Any CPU
		{BEDF45FE-F02A-42C7-93B0-C46DB85FD2AA}.Release|Any CPU.ActiveCfg = Release|Any CPU
		{BEDF45FE-F02A-42C7-93B0-C46DB85FD2AA}.Release|Any CPU.Build.0 = Release|Any CPU
		{DA2560ED-8F35-81B7-3996-C71A73495339}.Debug|Any CPU.ActiveCfg = Debug|Any CPU
		{DA2560ED-8F35-81B7-3996-C71A73495339}.Debug|Any CPU.Build.0 = Debug|Any CPU
		{DA2560ED-8F35-81B7-3996-C71A73495339}.Release|Any CPU.ActiveCfg = Release|Any CPU
		{DA2560ED-8F35-81B7-3996-C71A73495339}.Release|Any CPU.Build.0 = Release|Any CPU
	EndGlobalSection
	GlobalSection(SolutionProperties) = preSolution
		HideSolutionNode = FALSE
	EndGlobalSection
	GlobalSection(NestedProjects) = preSolution
		{DDFACB31-7D1B-4203-9149-13FAC2010B5F} = {0A91EC1A-DABF-4854-87FF-6F37975A49DD}
		{CCDA5D20-A76B-4C43-BE95-2468EFB10C80} = {BF9255EF-801D-49BB-8F53-771E222B0A93}
		{E6C59D6C-4044-48A5-85DD-A35A3E048B80} = {A68B94AD-5E12-470F-A0BF-3349423CB4BD}
		{7178EF87-64AF-41F0-BC05-85FB3D715AD9} = {BF9255EF-801D-49BB-8F53-771E222B0A93}
		{B2501CAA-3B39-4615-88DC-4CA612E1950A} = {02EA681E-C7D8-13C7-8484-4AC65E1B71E8}
		{813B51B7-1E17-0382-C1BD-300C1E734298} = {BCFFAF7D-69BE-4C15-834C-ABE2BB0C955C}
		{02EA681E-C7D8-13C7-8484-4AC65E1B71E8} = {AAB2B65C-80CD-4C0A-A71B-AFDEF4FF3C7D}
		{BCFFAF7D-69BE-4C15-834C-ABE2BB0C955C} = {AAB2B65C-80CD-4C0A-A71B-AFDEF4FF3C7D}
		{A68B94AD-5E12-470F-A0BF-3349423CB4BD} = {AAB2B65C-80CD-4C0A-A71B-AFDEF4FF3C7D}
		{BF9255EF-801D-49BB-8F53-771E222B0A93} = {AAB2B65C-80CD-4C0A-A71B-AFDEF4FF3C7D}
		{FA69A6BE-F2C8-4B0D-8DAB-49DF8DE51BC6} = {0B59F421-B7CD-4CB3-8555-016942F80081}
		{9F3F0616-5840-4B9A-B4B3-B27A66E8F9A6} = {0B59F421-B7CD-4CB3-8555-016942F80081}
		{106064C3-8E72-4EC3-8419-14AB0970A261} = {0B59F421-B7CD-4CB3-8555-016942F80081}
		{76BE4FF0-1836-43D1-B222-B14A8A953105} = {0B59F421-B7CD-4CB3-8555-016942F80081}
		{513FC2D0-A527-4D7D-9AD5-AD7B033E376B} = {FA69A6BE-F2C8-4B0D-8DAB-49DF8DE51BC6}
		{E630D99B-A3CA-42EE-9F66-A6E42C68955E} = {9F3F0616-5840-4B9A-B4B3-B27A66E8F9A6}
		{ACAE7C1B-CA07-458F-92F2-B8BDB124350F} = {106064C3-8E72-4EC3-8419-14AB0970A261}
		{5004120E-C281-4710-B850-7DEA87940260} = {76BE4FF0-1836-43D1-B222-B14A8A953105}
		{64E833DE-48AC-42AB-99EC-25F7AB3EE869} = {0B59F421-B7CD-4CB3-8555-016942F80081}
		{BEDF45FE-F02A-42C7-93B0-C46DB85FD2AA} = {64E833DE-48AC-42AB-99EC-25F7AB3EE869}
		{DA2560ED-8F35-81B7-3996-C71A73495339} = {64E833DE-48AC-42AB-99EC-25F7AB3EE869}
	EndGlobalSection
	GlobalSection(ExtensibilityGlobals) = postSolution
		SolutionGuid = {27B1ED2B-11EE-4527-AF75-54BB025AEC42}
	EndGlobalSection
EndGlobal
